
Microsoft Visual Studio Solution File, Format Version 12.00
# Visual Studio 15
VisualStudioVersion = 15.0.27130.2010
MinimumVisualStudioVersion = 10.0.40219.1
Project("{FAE04EC0-301F-11D3-BF4B-00C04F79EFBC}") = "Week2Modul7", "Week2Modul7\Week2Modul7.csproj", "{41F27D91-7E43-4412-89F7-920290A1D8C0}"
EndProject
Project("{FAE04EC0-301F-11D3-BF4B-00C04F79EFBC}") = "TestModul7", "TestModul7\TestModul7.csproj", "{F9C16920-BC92-40CD-84D5-DA42055EF01C}"
EndProject
Global
	GlobalSection(SolutionConfigurationPlatforms) = preSolution
		Debug|Any CPU = Debug|Any CPU
		Release|Any CPU = Release|Any CPU
	EndGlobalSection
	GlobalSection(ProjectConfigurationPlatforms) = postSolution
		{41F27D91-7E43-4412-89F7-920290A1D8C0}.Debug|Any CPU.ActiveCfg = Debug|Any CPU
		{41F27D91-7E43-4412-89F7-920290A1D8C0}.Debug|Any CPU.Build.0 = Debug|Any CPU
		{41F27D91-7E43-4412-89F7-920290A1D8C0}.Release|Any CPU.ActiveCfg = Release|Any CPU
		{41F27D91-7E43-4412-89F7-920290A1D8C0}.Release|Any CPU.Build.0 = Release|Any CPU
		{F9C16920-BC92-40CD-84D5-DA42055EF01C}.Debug|Any CPU.ActiveCfg = Debug|Any CPU
		{F9C16920-BC92-40CD-84D5-DA42055EF01C}.Debug|Any CPU.Build.0 = Debug|Any CPU
		{F9C16920-BC92-40CD-84D5-DA42055EF01C}.Release|Any CPU.ActiveCfg = Release|Any CPU
		{F9C16920-BC92-40CD-84D5-DA42055EF01C}.Release|Any CPU.Build.0 = Release|Any CPU
	EndGlobalSection
	GlobalSection(SolutionProperties) = preSolution
		HideSolutionNode = FALSE
	EndGlobalSection
	GlobalSection(ExtensibilityGlobals) = postSolution
		SolutionGuid = {21C51CC4-81E5-460B-AB2D-1E407A2D0B8B}
	EndGlobalSection
EndGlobal
