
Microsoft Visual Studio Solution File, Format Version 12.00
# Visual Studio 15
VisualStudioVersion = 15.0.27130.2010
MinimumVisualStudioVersion = 10.0.40219.1
Project("{9A19103F-16F7-4668-BE54-9A1E7A4F7556}") = "Checkpoint02", "Checkpoint02\Checkpoint02.csproj", "{71BC7292-4EE3-47B1-BAB1-756F69D92D8A}"
EndProject
Global
	GlobalSection(SolutionConfigurationPlatforms) = preSolution
		Debug|Any CPU = Debug|Any CPU
		Release|Any CPU = Release|Any CPU
	EndGlobalSection
	GlobalSection(ProjectConfigurationPlatforms) = postSolution
		{71BC7292-4EE3-47B1-BAB1-756F69D92D8A}.Debug|Any CPU.ActiveCfg = Debug|Any CPU
		{71BC7292-4EE3-47B1-BAB1-756F69D92D8A}.Debug|Any CPU.Build.0 = Debug|Any CPU
		{71BC7292-4EE3-47B1-BAB1-756F69D92D8A}.Release|Any CPU.ActiveCfg = Release|Any CPU
		{71BC7292-4EE3-47B1-BAB1-756F69D92D8A}.Release|Any CPU.Build.0 = Release|Any CPU
	EndGlobalSection
	GlobalSection(SolutionProperties) = preSolution
		HideSolutionNode = FALSE
	EndGlobalSection
	GlobalSection(ExtensibilityGlobals) = postSolution
		SolutionGuid = {F569EAB5-0DD7-4A3C-91BA-5ED9B1E73CFD}
	EndGlobalSection
EndGlobal
