
Microsoft Visual Studio Solution File, Format Version 12.00
# Visual Studio 15
VisualStudioVersion = 15.0.27130.2010
MinimumVisualStudioVersion = 10.0.40219.1
Project("{FAE04EC0-301F-11D3-BF4B-00C04F79EFBC}") = "Checkpoint05", "Checkpoint05\Checkpoint05.csproj", "{1652EE44-70FD-4F94-84FF-F0196FEF1140}"
EndProject
Global
	GlobalSection(SolutionConfigurationPlatforms) = preSolution
		Debug|Any CPU = Debug|Any CPU
		Release|Any CPU = Release|Any CPU
	EndGlobalSection
	GlobalSection(ProjectConfigurationPlatforms) = postSolution
		{1652EE44-70FD-4F94-84FF-F0196FEF1140}.Debug|Any CPU.ActiveCfg = Debug|Any CPU
		{1652EE44-70FD-4F94-84FF-F0196FEF1140}.Debug|Any CPU.Build.0 = Debug|Any CPU
		{1652EE44-70FD-4F94-84FF-F0196FEF1140}.Release|Any CPU.ActiveCfg = Release|Any CPU
		{1652EE44-70FD-4F94-84FF-F0196FEF1140}.Release|Any CPU.Build.0 = Release|Any CPU
	EndGlobalSection
	GlobalSection(SolutionProperties) = preSolution
		HideSolutionNode = FALSE
	EndGlobalSection
	GlobalSection(ExtensibilityGlobals) = postSolution
		SolutionGuid = {76BFFC11-C0D6-4E57-A276-A9345CAAC6E8}
	EndGlobalSection
EndGlobal
