
Microsoft Visual Studio Solution File, Format Version 12.00
# Visual Studio 15
VisualStudioVersion = 15.0.27130.2010
MinimumVisualStudioVersion = 10.0.40219.1
Project("{FAE04EC0-301F-11D3-BF4B-00C04F79EFBC}") = "Kryptering", "Kryptering\Kryptering.csproj", "{830DF812-B801-46C5-9768-504DFF219DBF}"
EndProject
Project("{FAE04EC0-301F-11D3-BF4B-00C04F79EFBC}") = "KrypteringFromRovarspraket", "KrypteringFromRovarspraket\KrypteringFromRovarspraket.csproj", "{1CB6C639-A91C-451B-BE7C-2FFF84C5F98B}"
EndProject
Global
	GlobalSection(SolutionConfigurationPlatforms) = preSolution
		Debug|Any CPU = Debug|Any CPU
		Release|Any CPU = Release|Any CPU
	EndGlobalSection
	GlobalSection(ProjectConfigurationPlatforms) = postSolution
		{830DF812-B801-46C5-9768-504DFF219DBF}.Debug|Any CPU.ActiveCfg = Debug|Any CPU
		{830DF812-B801-46C5-9768-504DFF219DBF}.Debug|Any CPU.Build.0 = Debug|Any CPU
		{830DF812-B801-46C5-9768-504DFF219DBF}.Release|Any CPU.ActiveCfg = Release|Any CPU
		{830DF812-B801-46C5-9768-504DFF219DBF}.Release|Any CPU.Build.0 = Release|Any CPU
		{1CB6C639-A91C-451B-BE7C-2FFF84C5F98B}.Debug|Any CPU.ActiveCfg = Debug|Any CPU
		{1CB6C639-A91C-451B-BE7C-2FFF84C5F98B}.Debug|Any CPU.Build.0 = Debug|Any CPU
		{1CB6C639-A91C-451B-BE7C-2FFF84C5F98B}.Release|Any CPU.ActiveCfg = Release|Any CPU
		{1CB6C639-A91C-451B-BE7C-2FFF84C5F98B}.Release|Any CPU.Build.0 = Release|Any CPU
	EndGlobalSection
	GlobalSection(SolutionProperties) = preSolution
		HideSolutionNode = FALSE
	EndGlobalSection
	GlobalSection(ExtensibilityGlobals) = postSolution
		SolutionGuid = {A99A1A78-AE9D-41CA-A157-C6BA59CFF59C}
	EndGlobalSection
EndGlobal
