
Microsoft Visual Studio Solution File, Format Version 12.00
# Visual Studio 15
VisualStudioVersion = 15.0.27130.2010
MinimumVisualStudioVersion = 10.0.40219.1
Project("{FAE04EC0-301F-11D3-BF4B-00C04F79EFBC}") = "Fredag", "Fredag\Fredag.csproj", "{B7A9866D-92D7-4551-88F4-2EDA884E5251}"
EndProject
Global
	GlobalSection(SolutionConfigurationPlatforms) = preSolution
		Debug|Any CPU = Debug|Any CPU
		Release|Any CPU = Release|Any CPU
	EndGlobalSection
	GlobalSection(ProjectConfigurationPlatforms) = postSolution
		{B7A9866D-92D7-4551-88F4-2EDA884E5251}.Debug|Any CPU.ActiveCfg = Debug|Any CPU
		{B7A9866D-92D7-4551-88F4-2EDA884E5251}.Debug|Any CPU.Build.0 = Debug|Any CPU
		{B7A9866D-92D7-4551-88F4-2EDA884E5251}.Release|Any CPU.ActiveCfg = Release|Any CPU
		{B7A9866D-92D7-4551-88F4-2EDA884E5251}.Release|Any CPU.Build.0 = Release|Any CPU
	EndGlobalSection
	GlobalSection(SolutionProperties) = preSolution
		HideSolutionNode = FALSE
	EndGlobalSection
	GlobalSection(ExtensibilityGlobals) = postSolution
		SolutionGuid = {D2142C09-A3F5-4326-A2C7-9ADA9F965AC2}
	EndGlobalSection
EndGlobal
