
Microsoft Visual Studio Solution File, Format Version 12.00
# Visual Studio 15
VisualStudioVersion = 15.0.27004.2002
MinimumVisualStudioVersion = 10.0.40219.1
Project("{FAE04EC0-301F-11D3-BF4B-00C04F79EFBC}") = "Checkpoint06.Web", "Checkpoint06.Web\Checkpoint06.Web.csproj", "{D879EBE3-4632-4CB7-BCB2-8750D4F63606}"
EndProject
Global
	GlobalSection(SolutionConfigurationPlatforms) = preSolution
		Debug|Any CPU = Debug|Any CPU
		Release|Any CPU = Release|Any CPU
	EndGlobalSection
	GlobalSection(ProjectConfigurationPlatforms) = postSolution
		{D879EBE3-4632-4CB7-BCB2-8750D4F63606}.Debug|Any CPU.ActiveCfg = Debug|Any CPU
		{D879EBE3-4632-4CB7-BCB2-8750D4F63606}.Debug|Any CPU.Build.0 = Debug|Any CPU
		{D879EBE3-4632-4CB7-BCB2-8750D4F63606}.Release|Any CPU.ActiveCfg = Release|Any CPU
		{D879EBE3-4632-4CB7-BCB2-8750D4F63606}.Release|Any CPU.Build.0 = Release|Any CPU
	EndGlobalSection
	GlobalSection(SolutionProperties) = preSolution
		HideSolutionNode = FALSE
	EndGlobalSection
	GlobalSection(ExtensibilityGlobals) = postSolution
		SolutionGuid = {84EEF363-68C4-427A-A9B5-F3BDA1111FBC}
	EndGlobalSection
EndGlobal
