
Microsoft Visual Studio Solution File, Format Version 12.00
# Visual Studio 15
VisualStudioVersion = 15.0.27130.2010
MinimumVisualStudioVersion = 10.0.40219.1
Project("{FAE04EC0-301F-11D3-BF4B-00C04F79EFBC}") = "Week2Modul8", "Week2Modul8\Week2Modul8.csproj", "{EBCEDEC5-075A-4342-B974-0CBE702CE0B4}"
EndProject
Project("{FAE04EC0-301F-11D3-BF4B-00C04F79EFBC}") = "Modul8.2", "Modul8.2\Modul8.2.csproj", "{777E2FF3-2848-4A71-BC93-8AEE4DA8955A}"
EndProject
Global
	GlobalSection(SolutionConfigurationPlatforms) = preSolution
		Debug|Any CPU = Debug|Any CPU
		Release|Any CPU = Release|Any CPU
	EndGlobalSection
	GlobalSection(ProjectConfigurationPlatforms) = postSolution
		{EBCEDEC5-075A-4342-B974-0CBE702CE0B4}.Debug|Any CPU.ActiveCfg = Debug|Any CPU
		{EBCEDEC5-075A-4342-B974-0CBE702CE0B4}.Debug|Any CPU.Build.0 = Debug|Any CPU
		{EBCEDEC5-075A-4342-B974-0CBE702CE0B4}.Release|Any CPU.ActiveCfg = Release|Any CPU
		{EBCEDEC5-075A-4342-B974-0CBE702CE0B4}.Release|Any CPU.Build.0 = Release|Any CPU
		{777E2FF3-2848-4A71-BC93-8AEE4DA8955A}.Debug|Any CPU.ActiveCfg = Debug|Any CPU
		{777E2FF3-2848-4A71-BC93-8AEE4DA8955A}.Debug|Any CPU.Build.0 = Debug|Any CPU
		{777E2FF3-2848-4A71-BC93-8AEE4DA8955A}.Release|Any CPU.ActiveCfg = Release|Any CPU
		{777E2FF3-2848-4A71-BC93-8AEE4DA8955A}.Release|Any CPU.Build.0 = Release|Any CPU
	EndGlobalSection
	GlobalSection(SolutionProperties) = preSolution
		HideSolutionNode = FALSE
	EndGlobalSection
	GlobalSection(ExtensibilityGlobals) = postSolution
		SolutionGuid = {2095F132-71EA-462B-BB8A-4A351086EBF4}
	EndGlobalSection
EndGlobal
